%{
  "bunt": {:hex, :bunt, "0.2.0", "951c6e801e8b1d2cbe58ebbd3e616a869061ddadcc4863d0a2182541acae9a38", [:mix], [], "hexpm", "7af5c7e09fe1d40f76c8e4f9dd2be7cebd83909f31fee7cd0e9eadc567da8353"},
  "cachex": {:hex, :cachex, "3.2.0", "a596476c781b0646e6cb5cd9751af2e2974c3e0d5498a8cab71807618b74fe2f", [:mix], [{:eternal, "~> 1.2", [hex: :eternal, repo: "hexpm", optional: false]}, {:jumper, "~> 1.0", [hex: :jumper, repo: "hexpm", optional: false]}, {:sleeplocks, "~> 1.1", [hex: :sleeplocks, repo: "hexpm", optional: false]}, {:unsafe, "~> 1.0", [hex: :unsafe, repo: "hexpm", optional: false]}], "hexpm", "aef93694067a43697ae0531727e097754a9e992a1e7946296f5969d6dd9ac986"},
  "credo": {:hex, :credo, "1.4.0", "92339d4cbadd1e88b5ee43d427b639b68a11071b6f73854e33638e30a0ea11f5", [:mix], [{:bunt, "~> 0.2.0", [hex: :bunt, repo: "hexpm", optional: false]}, {:jason, "~> 1.0", [hex: :jason, repo: "hexpm", optional: false]}], "hexpm", "1fd3b70dce216574ce3c18bdf510b57e7c4c85c2ec9cad4bff854abaf7e58658"},
  "cubdb": {:hex, :cubdb, "1.0.0-rc.3", "fc6a41d0724c5729e058367e154dd218da0e4c07ad0ca84012c5788066cf1a8b", [:mix], [], "hexpm", "f96a13bd61e3d21d5ab21bfa291e816bafb44b9d3e68c7d1f158bbb036c09c8e"},
  "decompilerl": {:git, "https://github.com/niahoo/decompilerl.git", "71a6a41231bd1b1c637d20154144d08a0ecb1dbb", []},
  "dialyxir": {:hex, :dialyxir, "1.0.0", "6a1fa629f7881a9f5aaf3a78f094b2a51a0357c843871b8bc98824e7342d00a5", [:mix], [{:erlex, ">= 0.2.6", [hex: :erlex, repo: "hexpm", optional: false]}], "hexpm", "aeb06588145fac14ca08d8061a142d52753dbc2cf7f0d00fc1013f53f8654654"},
  "earmark": {:hex, :earmark, "1.4.4", "4821b8d05cda507189d51f2caeef370cf1e18ca5d7dfb7d31e9cafe6688106a4", [:mix], [], "hexpm", "1f93aba7340574847c0f609da787f0d79efcab51b044bb6e242cae5aca9d264d"},
  "erlex": {:hex, :erlex, "0.2.6", "c7987d15e899c7a2f34f5420d2a2ea0d659682c06ac607572df55a43753aa12e", [:mix], [], "hexpm", "2ed2e25711feb44d52b17d2780eabf998452f6efda104877a3881c2f8c0c0c75"},
  "eternal": {:hex, :eternal, "1.2.1", "d5b6b2499ba876c57be2581b5b999ee9bdf861c647401066d3eeed111d096bc4", [:mix], [], "hexpm", "b14f1dc204321429479c569cfbe8fb287541184ed040956c8862cb7a677b8406"},
  "ex_doc": {:hex, :ex_doc, "0.21.3", "857ec876b35a587c5d9148a2512e952e24c24345552259464b98bfbb883c7b42", [:mix], [{:earmark, "~> 1.4", [hex: :earmark, repo: "hexpm", optional: false]}, {:makeup_elixir, "~> 0.14", [hex: :makeup_elixir, repo: "hexpm", optional: false]}], "hexpm", "0db1ee8d1547ab4877c5b5dffc6604ef9454e189928d5ba8967d4a58a801f161"},
  "inch_ex": {:hex, :inch_ex, "2.0.0", "24268a9284a1751f2ceda569cd978e1fa394c977c45c331bb52a405de544f4de", [:mix], [{:bunt, "~> 0.2", [hex: :bunt, repo: "hexpm", optional: false]}, {:jason, "~> 1.0", [hex: :jason, repo: "hexpm", optional: false]}], "hexpm", "96d0ec5ecac8cf63142d02f16b7ab7152cf0f0f1a185a80161b758383c9399a8"},
  "jason": {:hex, :jason, "1.2.1", "12b22825e22f468c02eb3e4b9985f3d0cb8dc40b9bd704730efa11abd2708c44", [:mix], [{:decimal, "~> 1.0", [hex: :decimal, repo: "hexpm", optional: true]}], "hexpm", "b659b8571deedf60f79c5a608e15414085fa141344e2716fbd6988a084b5f993"},
  "jumper": {:hex, :jumper, "1.0.1", "3c00542ef1a83532b72269fab9f0f0c82bf23a35e27d278bfd9ed0865cecabff", [:mix], [], "hexpm", "318c59078ac220e966d27af3646026db9b5a5e6703cb2aa3e26bcfaba65b7433"},
  "keyword_validator": {:hex, :keyword_validator, "1.0.0", "a1421d0ae47ff3638b45b695427a00302ca278b869b9d9f9f22d4da5e0f4d660", [:mix], [], "hexpm", "c2cc20c36d385f5bf1112c6d283141c07f6d2c32e18a4a0ff38b962194b4d1e0"},
  "makeup": {:hex, :makeup, "1.0.1", "82f332e461dc6c79dbd82fbe2a9c10d48ed07146f0a478286e590c83c52010b5", [:mix], [{:nimble_parsec, "~> 0.5.0", [hex: :nimble_parsec, repo: "hexpm", optional: false]}], "hexpm", "49736fe5b66a08d8575bf5321d716bac5da20c8e6b97714fec2bcd6febcfa1f8"},
  "makeup_elixir": {:hex, :makeup_elixir, "0.14.0", "cf8b7c66ad1cff4c14679698d532f0b5d45a3968ffbcbfd590339cb57742f1ae", [:mix], [{:makeup, "~> 1.0", [hex: :makeup, repo: "hexpm", optional: false]}], "hexpm", "d4b316c7222a85bbaa2fd7c6e90e37e953257ad196dc229505137c5e505e9eff"},
  "nimble_parsec": {:hex, :nimble_parsec, "0.5.3", "def21c10a9ed70ce22754fdeea0810dafd53c2db3219a0cd54cf5526377af1c6", [:mix], [], "hexpm", "589b5af56f4afca65217a1f3eb3fee7e79b09c40c742fddc1c312b3ac0b3399f"},
  "sleeplocks": {:hex, :sleeplocks, "1.1.1", "3d462a0639a6ef36cc75d6038b7393ae537ab394641beb59830a1b8271faeed3", [:rebar3], [], "hexpm", "84ee37aeff4d0d92b290fff986d6a95ac5eedf9b383fadfd1d88e9b84a1c02e1"},
  "time_queue": {:hex, :time_queue, "0.5.0", "8e62c6775f52ad46d123b759b7abb75c5370ccb64ed4dbcbc4208dc10d488d43", [:mix], [], "hexpm", "b55908547f95bd74f7ece8407a80850549089e55aae84a9d593eab98d3a52b54"},
  "todo": {:hex, :todo, "1.4.1", "87ac6614ac424bb38ae6cffce4f8cf75090713167f5872ac522ce765cea6e8f7", [:mix], [], "hexpm", "22685abbf1581141c9f8c1b5fc348d633076b9a6b688e61d665eb0e31a1a6483"},
  "unsafe": {:hex, :unsafe, "1.0.1", "a27e1874f72ee49312e0a9ec2e0b27924214a05e3ddac90e91727bc76f8613d8", [:mix], [], "hexpm", "6c7729a2d214806450d29766abc2afaa7a2cbecf415be64f36a6691afebb50e5"},
}
